
Microsoft Visual Studio Solution File, Format Version 12.00
# Visual Studio 14
VisualStudioVersion = 14.0.25420.1
MinimumVisualStudioVersion = 10.0.40219.1
Project("{FAE04EC0-301F-11D3-BF4B-00C04F79EFBC}") = "DelimitedFileParsing", "DelimitedFileParsing\DelimitedFileParsing.csproj", "{22648B04-C63B-4F3B-8EA8-16553ED2746A}"
EndProject
Project("{2150E333-8FDC-42A3-9474-1A3956D46DE8}") = "Solution Items", "Solution Items", "{98304064-3567-44CC-A0B8-27B6FB2BEBD4}"
	ProjectSection(SolutionItems) = preProject
		README.md = README.md
	EndProjectSection
EndProject
Global
	GlobalSection(SolutionConfigurationPlatforms) = preSolution
		Debug|Any CPU = Debug|Any CPU
		Release|Any CPU = Release|Any CPU
	EndGlobalSection
	GlobalSection(ProjectConfigurationPlatforms) = postSolution
		{22648B04-C63B-4F3B-8EA8-16553ED2746A}.Debug|Any CPU.ActiveCfg = Debug|Any CPU
		{22648B04-C63B-4F3B-8EA8-16553ED2746A}.Debug|Any CPU.Build.0 = Debug|Any CPU
		{22648B04-C63B-4F3B-8EA8-16553ED2746A}.Release|Any CPU.ActiveCfg = Release|Any CPU
		{22648B04-C63B-4F3B-8EA8-16553ED2746A}.Release|Any CPU.Build.0 = Release|Any CPU
	EndGlobalSection
	GlobalSection(SolutionProperties) = preSolution
		HideSolutionNode = FALSE
	EndGlobalSection
EndGlobal
